// !$*UTF8*$!
{
	archiveVersion = 1;
	classes = {
	};
	objectVersion = 48;
	objects = {

/* Begin PBXBuildFile section */
		7B438DF620C8AAF7008F3CBC /* AppDelegate.swift in Sources */ = {isa = PBXBuildFile; fileRef = 7B438DF520C8AAF7008F3CBC /* AppDelegate.swift */; };
		7B438DF820C8AAF7008F3CBC /* ViewController.swift in Sources */ = {isa = PBXBuildFile; fileRef = 7B438DF720C8AAF7008F3CBC /* ViewController.swift */; };
		7B438DFB20C8AAF7008F3CBC /* Main.storyboard in Resources */ = {isa = PBXBuildFile; fileRef = 7B438DF920C8AAF7008F3CBC /* Main.storyboard */; };
		7B438DFD20C8AAF7008F3CBC /* Assets.xcassets in Resources */ = {isa = PBXBuildFile; fileRef = 7B438DFC20C8AAF7008F3CBC /* Assets.xcassets */; };
		7B438E0020C8AAF7008F3CBC /* LaunchScreen.storyboard in Resources */ = {isa = PBXBuildFile; fileRef = 7B438DFE20C8AAF7008F3CBC /* LaunchScreen.storyboard */; };
		7B438E0B20C8AAF7008F3CBC /* RealTodoTests.swift in Sources */ = {isa = PBXBuildFile; fileRef = 7B438E0A20C8AAF7008F3CBC /* RealTodoTests.swift */; };
		7B438E1620C8AAF8008F3CBC /* RealTodoUITests.swift in Sources */ = {isa = PBXBuildFile; fileRef = 7B438E1520C8AAF8008F3CBC /* RealTodoUITests.swift */; };
/* End PBXBuildFile section */

/* Begin PBXContainerItemProxy section */
		7B438E0720C8AAF7008F3CBC /* PBXContainerItemProxy */ = {
			isa = PBXContainerItemProxy;
			containerPortal = 7B438DEA20C8AAF7008F3CBC /* Project object */;
			proxyType = 1;
			remoteGlobalIDString = 7B438DF120C8AAF7008F3CBC;
			remoteInfo = RealTodo;
		};
		7B438E1220C8AAF8008F3CBC /* PBXContainerItemProxy */ = {
			isa = PBXContainerItemProxy;
			containerPortal = 7B438DEA20C8AAF7008F3CBC /* Project object */;
			proxyType = 1;
			remoteGlobalIDString = 7B438DF120C8AAF7008F3CBC;
			remoteInfo = RealTodo;
		};
/* End PBXContainerItemProxy section */

/* Begin PBXFileReference section */
		7B438DF220C8AAF7008F3CBC /* RealTodo.app */ = {isa = PBXFileReference; explicitFileType = wrapper.application; includeInIndex = 0; path = RealTodo.app; sourceTree = BUILT_PRODUCTS_DIR; };
		7B438DF520C8AAF7008F3CBC /* AppDelegate.swift */ = {isa = PBXFileReference; lastKnownFileType = sourcecode.swift; path = AppDelegate.swift; sourceTree = "<group>"; };
		7B438DF720C8AAF7008F3CBC /* ViewController.swift */ = {isa = PBXFileReference; lastKnownFileType = sourcecode.swift; path = ViewController.swift; sourceTree = "<group>"; };
		7B438DFA20C8AAF7008F3CBC /* Base */ = {isa = PBXFileReference; lastKnownFileType = file.storyboard; name = Base; path = Base.lproj/Main.storyboard; sourceTree = "<group>"; };
		7B438DFC20C8AAF7008F3CBC /* Assets.xcassets */ = {isa = PBXFileReference; lastKnownFileType = folder.assetcatalog; path = Assets.xcassets; sourceTree = "<group>"; };
		7B438DFF20C8AAF7008F3CBC /* Base */ = {isa = PBXFileReference; lastKnownFileType = file.storyboard; name = Base; path = Base.lproj/LaunchScreen.storyboard; sourceTree = "<group>"; };
		7B438E0120C8AAF7008F3CBC /* Info.plist */ = {isa = PBXFileReference; lastKnownFileType = text.plist.xml; path = Info.plist; sourceTree = "<group>"; };
		7B438E0620C8AAF7008F3CBC /* RealTodoTests.xctest */ = {isa = PBXFileReference; explicitFileType = wrapper.cfbundle; includeInIndex = 0; path = RealTodoTests.xctest; sourceTree = BUILT_PRODUCTS_DIR; };
		7B438E0A20C8AAF7008F3CBC /* RealTodoTests.swift */ = {isa = PBXFileReference; lastKnownFileType = sourcecode.swift; path = RealTodoTests.swift; sourceTree = "<group>"; };
		7B438E0C20C8AAF7008F3CBC /* Info.plist */ = {isa = PBXFileReference; lastKnownFileType = text.plist.xml; path = Info.plist; sourceTree = "<group>"; };
		7B438E1120C8AAF8008F3CBC /* RealTodoUITests.xctest */ = {isa = PBXFileReference; explicitFileType = wrapper.cfbundle; includeInIndex = 0; path = RealTodoUITests.xctest; sourceTree = BUILT_PRODUCTS_DIR; };
		7B438E1520C8AAF8008F3CBC /* RealTodoUITests.swift */ = {isa = PBXFileReference; lastKnownFileType = sourcecode.swift; path = RealTodoUITests.swift; sourceTree = "<group>"; };
		7B438E1720C8AAF8008F3CBC /* Info.plist */ = {isa = PBXFileReference; lastKnownFileType = text.plist.xml; path = Info.plist; sourceTree = "<group>"; };
/* End PBXFileReference section */

/* Begin PBXFrameworksBuildPhase section */
		7B438DEF20C8AAF7008F3CBC /* Frameworks */ = {
			isa = PBXFrameworksBuildPhase;
			buildActionMask = 2147483647;
			files = (
			);
			runOnlyForDeploymentPostprocessing = 0;
		};
		7B438E0320C8AAF7008F3CBC /* Frameworks */ = {
			isa = PBXFrameworksBuildPhase;
			buildActionMask = 2147483647;
			files = (
			);
			runOnlyForDeploymentPostprocessing = 0;
		};
		7B438E0E20C8AAF8008F3CBC /* Frameworks */ = {
			isa = PBXFrameworksBuildPhase;
			buildActionMask = 2147483647;
			files = (
			);
			runOnlyForDeploymentPostprocessing = 0;
		};
/* End PBXFrameworksBuildPhase section */

/* Begin PBXGroup section */
		7B438DE920C8AAF7008F3CBC = {
			isa = PBXGroup;
			children = (
				7B438DF420C8AAF7008F3CBC /* RealTodo */,
				7B438E0920C8AAF7008F3CBC /* RealTodoTests */,
				7B438E1420C8AAF8008F3CBC /* RealTodoUITests */,
				7B438DF320C8AAF7008F3CBC /* Products */,
			);
			sourceTree = "<group>";
		};
		7B438DF320C8AAF7008F3CBC /* Products */ = {
			isa = PBXGroup;
			children = (
				7B438DF220C8AAF7008F3CBC /* RealTodo.app */,
				7B438E0620C8AAF7008F3CBC /* RealTodoTests.xctest */,
				7B438E1120C8AAF8008F3CBC /* RealTodoUITests.xctest */,
			);
			name = Products;
			sourceTree = "<group>";
		};
		7B438DF420C8AAF7008F3CBC /* RealTodo */ = {
			isa = PBXGroup;
			children = (
				7B438DF520C8AAF7008F3CBC /* AppDelegate.swift */,
				7B438DF720C8AAF7008F3CBC /* ViewController.swift */,
				7B438DF920C8AAF7008F3CBC /* Main.storyboard */,
				7B438DFC20C8AAF7008F3CBC /* Assets.xcassets */,
				7B438DFE20C8AAF7008F3CBC /* LaunchScreen.storyboard */,
				7B438E0120C8AAF7008F3CBC /* Info.plist */,
			);
			path = RealTodo;
			sourceTree = "<group>";
		};
		7B438E0920C8AAF7008F3CBC /* RealTodoTests */ = {
			isa = PBXGroup;
			children = (
				7B438E0A20C8AAF7008F3CBC /* RealTodoTests.swift */,
				7B438E0C20C8AAF7008F3CBC /* Info.plist */,
			);
			path = RealTodoTests;
			sourceTree = "<group>";
		};
		7B438E1420C8AAF8008F3CBC /* RealTodoUITests */ = {
			isa = PBXGroup;
			children = (
				7B438E1520C8AAF8008F3CBC /* RealTodoUITests.swift */,
				7B438E1720C8AAF8008F3CBC /* Info.plist */,
			);
			path = RealTodoUITests;
			sourceTree = "<group>";
		};
/* End PBXGroup section */

/* Begin PBXNativeTarget section */
		7B438DF120C8AAF7008F3CBC /* RealTodo */ = {
			isa = PBXNativeTarget;
			buildConfigurationList = 7B438E1A20C8AAF8008F3CBC /* Build configuration list for PBXNativeTarget "RealTodo" */;
			buildPhases = (
				7B438DEE20C8AAF7008F3CBC /* Sources */,
				7B438DEF20C8AAF7008F3CBC /* Frameworks */,
				7B438DF020C8AAF7008F3CBC /* Resources */,
			);
			buildRules = (
			);
			dependencies = (
			);
			name = RealTodo;
			productName = RealTodo;
			productReference = 7B438DF220C8AAF7008F3CBC /* RealTodo.app */;
			productType = "com.apple.product-type.application";
		};
		7B438E0520C8AAF7008F3CBC /* RealTodoTests */ = {
			isa = PBXNativeTarget;
			buildConfigurationList = 7B438E1D20C8AAF8008F3CBC /* Build configuration list for PBXNativeTarget "RealTodoTests" */;
			buildPhases = (
				7B438E0220C8AAF7008F3CBC /* Sources */,
				7B438E0320C8AAF7008F3CBC /* Frameworks */,
				7B438E0420C8AAF7008F3CBC /* Resources */,
			);
			buildRules = (
			);
			dependencies = (
				7B438E0820C8AAF7008F3CBC /* PBXTargetDependency */,
			);
			name = RealTodoTests;
			productName = RealTodoTests;
			productReference = 7B438E0620C8AAF7008F3CBC /* RealTodoTests.xctest */;
			productType = "com.apple.product-type.bundle.unit-test";
		};
		7B438E1020C8AAF8008F3CBC /* RealTodoUITests */ = {
			isa = PBXNativeTarget;
			buildConfigurationList = 7B438E2020C8AAF8008F3CBC /* Build configuration list for PBXNativeTarget "RealTodoUITests" */;
			buildPhases = (
				7B438E0D20C8AAF8008F3CBC /* Sources */,
				7B438E0E20C8AAF8008F3CBC /* Frameworks */,
				7B438E0F20C8AAF8008F3CBC /* Resources */,
			);
			buildRules = (
			);
			dependencies = (
				7B438E1320C8AAF8008F3CBC /* PBXTargetDependency */,
			);
			name = RealTodoUITests;
			productName = RealTodoUITests;
			productReference = 7B438E1120C8AAF8008F3CBC /* RealTodoUITests.xctest */;
			productType = "com.apple.product-type.bundle.ui-testing";
		};
/* End PBXNativeTarget section */

/* Begin PBXProject section */
		7B438DEA20C8AAF7008F3CBC /* Project object */ = {
			isa = PBXProject;
			attributes = {
				LastSwiftUpdateCheck = 0920;
				LastUpgradeCheck = 0920;
				ORGANIZATIONNAME = "Daniel Hjärtström";
				TargetAttributes = {
					7B438DF120C8AAF7008F3CBC = {
						CreatedOnToolsVersion = 9.2;
						ProvisioningStyle = Automatic;
					};
					7B438E0520C8AAF7008F3CBC = {
						CreatedOnToolsVersion = 9.2;
						ProvisioningStyle = Automatic;
						TestTargetID = 7B438DF120C8AAF7008F3CBC;
					};
					7B438E1020C8AAF8008F3CBC = {
						CreatedOnToolsVersion = 9.2;
						ProvisioningStyle = Automatic;
						TestTargetID = 7B438DF120C8AAF7008F3CBC;
					};
				};
			};
			buildConfigurationList = 7B438DED20C8AAF7008F3CBC /* Build configuration list for PBXProject "RealTodo" */;
			compatibilityVersion = "Xcode 8.0";
			developmentRegion = en;
			hasScannedForEncodings = 0;
			knownRegions = (
				en,
				Base,
			);
			mainGroup = 7B438DE920C8AAF7008F3CBC;
			productRefGroup = 7B438DF320C8AAF7008F3CBC /* Products */;
			projectDirPath = "";
			projectRoot = "";
			targets = (
				7B438DF120C8AAF7008F3CBC /* RealTodo */,
				7B438E0520C8AAF7008F3CBC /* RealTodoTests */,
				7B438E1020C8AAF8008F3CBC /* RealTodoUITests */,
			);
		};
/* End PBXProject section */

/* Begin PBXResourcesBuildPhase section */
		7B438DF020C8AAF7008F3CBC /* Resources */ = {
			isa = PBXResourcesBuildPhase;
			buildActionMask = 2147483647;
			files = (
				7B438E0020C8AAF7008F3CBC /* LaunchScreen.storyboard in Resources */,
				7B438DFD20C8AAF7008F3CBC /* Assets.xcassets in Resources */,
				7B438DFB20C8AAF7008F3CBC /* Main.storyboard in Resources */,
			);
			runOnlyForDeploymentPostprocessing = 0;
		};
		7B438E0420C8AAF7008F3CBC /* Resources */ = {
			isa = PBXResourcesBuildPhase;
			buildActionMask = 2147483647;
			files = (
			);
			runOnlyForDeploymentPostprocessing = 0;
		};
		7B438E0F20C8AAF8008F3CBC /* Resources */ = {
			isa = PBXResourcesBuildPhase;
			buildActionMask = 2147483647;
			files = (
			);
			runOnlyForDeploymentPostprocessing = 0;
		};
/* End PBXResourcesBuildPhase section */

/* Begin PBXSourcesBuildPhase section */
		7B438DEE20C8AAF7008F3CBC /* Sources */ = {
			isa = PBXSourcesBuildPhase;
			buildActionMask = 2147483647;
			files = (
				7B438DF820C8AAF7008F3CBC /* ViewController.swift in Sources */,
				7B438DF620C8AAF7008F3CBC /* AppDelegate.swift in Sources */,
			);
			runOnlyForDeploymentPostprocessing = 0;
		};
		7B438E0220C8AAF7008F3CBC /* Sources */ = {
			isa = PBXSourcesBuildPhase;
			buildActionMask = 2147483647;
			files = (
				7B438E0B20C8AAF7008F3CBC /* RealTodoTests.swift in Sources */,
			);
			runOnlyForDeploymentPostprocessing = 0;
		};
		7B438E0D20C8AAF8008F3CBC /* Sources */ = {
			isa = PBXSourcesBuildPhase;
			buildActionMask = 2147483647;
			files = (
				7B438E1620C8AAF8008F3CBC /* RealTodoUITests.swift in Sources */,
			);
			runOnlyForDeploymentPostprocessing = 0;
		};
/* End PBXSourcesBuildPhase section */

/* Begin PBXTargetDependency section */
		7B438E0820C8AAF7008F3CBC /* PBXTargetDependency */ = {
			isa = PBXTargetDependency;
			target = 7B438DF120C8AAF7008F3CBC /* RealTodo */;
			targetProxy = 7B438E0720C8AAF7008F3CBC /* PBXContainerItemProxy */;
		};
		7B438E1320C8AAF8008F3CBC /* PBXTargetDependency */ = {
			isa = PBXTargetDependency;
			target = 7B438DF120C8AAF7008F3CBC /* RealTodo */;
			targetProxy = 7B438E1220C8AAF8008F3CBC /* PBXContainerItemProxy */;
		};
/* End PBXTargetDependency section */

/* Begin PBXVariantGroup section */
		7B438DF920C8AAF7008F3CBC /* Main.storyboard */ = {
			isa = PBXVariantGroup;
			children = (
				7B438DFA20C8AAF7008F3CBC /* Base */,
			);
			name = Main.storyboard;
			sourceTree = "<group>";
		};
		7B438DFE20C8AAF7008F3CBC /* LaunchScreen.storyboard */ = {
			isa = PBXVariantGroup;
			children = (
				7B438DFF20C8AAF7008F3CBC /* Base */,
			);
			name = LaunchScreen.storyboard;
			sourceTree = "<group>";
		};
/* End PBXVariantGroup section */

/* Begin XCBuildConfiguration section */
		7B438E1820C8AAF8008F3CBC /* Debug */ = {
			isa = XCBuildConfiguration;
			buildSettings = {
				ALWAYS_SEARCH_USER_PATHS = NO;
				CLANG_ANALYZER_NONNULL = YES;
				CLANG_ANALYZER_NUMBER_OBJECT_CONVERSION = YES_AGGRESSIVE;
				CLANG_CXX_LANGUAGE_STANDARD = "gnu++14";
				CLANG_CXX_LIBRARY = "libc++";
				CLANG_ENABLE_MODULES = YES;
				CLANG_ENABLE_OBJC_ARC = YES;
				CLANG_WARN_BLOCK_CAPTURE_AUTORELEASING = YES;
				CLANG_WARN_BOOL_CONVERSION = YES;
				CLANG_WARN_COMMA = YES;
				CLANG_WARN_CONSTANT_CONVERSION = YES;
				CLANG_WARN_DIRECT_OBJC_ISA_USAGE = YES_ERROR;
				CLANG_WARN_DOCUMENTATION_COMMENTS = YES;
				CLANG_WARN_EMPTY_BODY = YES;
				CLANG_WARN_ENUM_CONVERSION = YES;
				CLANG_WARN_INFINITE_RECURSION = YES;
				CLANG_WARN_INT_CONVERSION = YES;
				CLANG_WARN_NON_LITERAL_NULL_CONVERSION = YES;
				CLANG_WARN_OBJC_LITERAL_CONVERSION = YES;
				CLANG_WARN_OBJC_ROOT_CLASS = YES_ERROR;
				CLANG_WARN_RANGE_LOOP_ANALYSIS = YES;
				CLANG_WARN_STRICT_PROTOTYPES = YES;
				CLANG_WARN_SUSPICIOUS_MOVE = YES;
				CLANG_WARN_UNGUARDED_AVAILABILITY = YES_AGGRESSIVE;
				CLANG_WARN_UNREACHABLE_CODE = YES;
				CLANG_WARN__DUPLICATE_METHOD_MATCH = YES;
				CODE_SIGN_IDENTITY = "iPhone Developer";
				COPY_PHASE_STRIP = NO;
				DEBUG_INFORMATION_FORMAT = dwarf;
				ENABLE_STRICT_OBJC_MSGSEND = YES;
				ENABLE_TESTABILITY = YES;
				GCC_C_LANGUAGE_STANDARD = gnu11;
				GCC_DYNAMIC_NO_PIC = NO;
				GCC_NO_COMMON_BLOCKS = YES;
				GCC_OPTIMIZATION_LEVEL = 0;
				GCC_PREPROCESSOR_DEFINITIONS = (
					"DEBUG=1",
					"$(inherited)",
				);
				GCC_WARN_64_TO_32_BIT_CONVERSION = YES;
				GCC_WARN_ABOUT_RETURN_TYPE = YES_ERROR;
				GCC_WARN_UNDECLARED_SELECTOR = YES;
				GCC_WARN_UNINITIALIZED_AUTOS = YES_AGGRESSIVE;
				GCC_WARN_UNUSED_FUNCTION = YES;
				GCC_WARN_UNUSED_VARIABLE = YES;
				IPHONEOS_DEPLOYMENT_TARGET = 11.2;
				MTL_ENABLE_DEBUG_INFO = YES;
				ONLY_ACTIVE_ARCH = YES;
				SDKROOT = iphoneos;
				SWIFT_ACTIVE_COMPILATION_CONDITIONS = DEBUG;
				SWIFT_OPTIMIZATION_LEVEL = "-Onone";
			};
			name = Debug;
		};
		7B438E1920C8AAF8008F3CBC /* Release */ = {
			isa = XCBuildConfiguration;
			buildSettings = {
				ALWAYS_SEARCH_USER_PATHS = NO;
				CLANG_ANALYZER_NONNULL = YES;
				CLANG_ANALYZER_NUMBER_OBJECT_CONVERSION = YES_AGGRESSIVE;
				CLANG_CXX_LANGUAGE_STANDARD = "gnu++14";
				CLANG_CXX_LIBRARY = "libc++";
				CLANG_ENABLE_MODULES = YES;
				CLANG_ENABLE_OBJC_ARC = YES;
				CLANG_WARN_BLOCK_CAPTURE_AUTORELEASING = YES;
				CLANG_WARN_BOOL_CONVERSION = YES;
				CLANG_WARN_COMMA = YES;
				CLANG_WARN_CONSTANT_CONVERSION = YES;
				CLANG_WARN_DIRECT_OBJC_ISA_USAGE = YES_ERROR;
				CLANG_WARN_DOCUMENTATION_COMMENTS = YES;
				CLANG_WARN_EMPTY_BODY = YES;
				CLANG_WARN_ENUM_CONVERSION = YES;
				CLANG_WARN_INFINITE_RECURSION = YES;
				CLANG_WARN_INT_CONVERSION = YES;
				CLANG_WARN_NON_LITERAL_NULL_CONVERSION = YES;
				CLANG_WARN_OBJC_LITERAL_CONVERSION = YES;
				CLANG_WARN_OBJC_ROOT_CLASS = YES_ERROR;
				CLANG_WARN_RANGE_LOOP_ANALYSIS = YES;
				CLANG_WARN_STRICT_PROTOTYPES = YES;
				CLANG_WARN_SUSPICIOUS_MOVE = YES;
				CLANG_WARN_UNGUARDED_AVAILABILITY = YES_AGGRESSIVE;
				CLANG_WARN_UNREACHABLE_CODE = YES;
				CLANG_WARN__DUPLICATE_METHOD_MATCH = YES;
				CODE_SIGN_IDENTITY = "iPhone Developer";
				COPY_PHASE_STRIP = NO;
				DEBUG_INFORMATION_FORMAT = "dwarf-with-dsym";
				ENABLE_NS_ASSERTIONS = NO;
				ENABLE_STRICT_OBJC_MSGSEND = YES;
				GCC_C_LANGUAGE_STANDARD = gnu11;
				GCC_NO_COMMON_BLOCKS = YES;
				GCC_WARN_64_TO_32_BIT_CONVERSION = YES;
				GCC_WARN_ABOUT_RETURN_TYPE = YES_ERROR;
				GCC_WARN_UNDECLARED_SELECTOR = YES;
				GCC_WARN_UNINITIALIZED_AUTOS = YES_AGGRESSIVE;
				GCC_WARN_UNUSED_FUNCTION = YES;
				GCC_WARN_UNUSED_VARIABLE = YES;
				IPHONEOS_DEPLOYMENT_TARGET = 11.2;
				MTL_ENABLE_DEBUG_INFO = NO;
				SDKROOT = iphoneos;
				SWIFT_OPTIMIZATION_LEVEL = "-Owholemodule";
				VALIDATE_PRODUCT = YES;
			};
			name = Release;
		};
		7B438E1B20C8AAF8008F3CBC /* Debug */ = {
			isa = XCBuildConfiguration;
			buildSettings = {
				ASSETCATALOG_COMPILER_APPICON_NAME = AppIcon;
				CODE_SIGN_STYLE = Automatic;
				DEVELOPMENT_TEAM = 6ZL797GF7H;
				INFOPLIST_FILE = RealTodo/Info.plist;
				LD_RUNPATH_SEARCH_PATHS = "$(inherited) @executable_path/Frameworks";
				PRODUCT_BUNDLE_IDENTIFIER = com.danielhjartstrom.RealTodo;
				PRODUCT_NAME = "$(TARGET_NAME)";
				SWIFT_VERSION = 4.0;
				TARGETED_DEVICE_FAMILY = "1,2";
			};
			name = Debug;
		};
		7B438E1C20C8AAF8008F3CBC /* Release */ = {
			isa = XCBuildConfiguration;
			buildSettings = {
				ASSETCATALOG_COMPILER_APPICON_NAME = AppIcon;
				CODE_SIGN_STYLE = Automatic;
				DEVELOPMENT_TEAM = 6ZL797GF7H;
				INFOPLIST_FILE = RealTodo/Info.plist;
				LD_RUNPATH_SEARCH_PATHS = "$(inherited) @executable_path/Frameworks";
				PRODUCT_BUNDLE_IDENTIFIER = com.danielhjartstrom.RealTodo;
				PRODUCT_NAME = "$(TARGET_NAME)";
				SWIFT_VERSION = 4.0;
				TARGETED_DEVICE_FAMILY = "1,2";
			};
			name = Release;
		};
		7B438E1E20C8AAF8008F3CBC /* Debug */ = {
			isa = XCBuildConfiguration;
			buildSettings = {
				ALWAYS_EMBED_SWIFT_STANDARD_LIBRARIES = YES;
				BUNDLE_LOADER = "$(TEST_HOST)";
				CODE_SIGN_STYLE = Automatic;
				DEVELOPMENT_TEAM = 6ZL797GF7H;
				INFOPLIST_FILE = RealTodoTests/Info.plist;
				LD_RUNPATH_SEARCH_PATHS = "$(inherited) @executable_path/Frameworks @loader_path/Frameworks";
				PRODUCT_BUNDLE_IDENTIFIER = com.danielhjartstrom.RealTodoTests;
				PRODUCT_NAME = "$(TARGET_NAME)";
				SWIFT_VERSION = 4.0;
				TARGETED_DEVICE_FAMILY = "1,2";
				TEST_HOST = "$(BUILT_PRODUCTS_DIR)/RealTodo.app/RealTodo";
			};
			name = Debug;
		};
		7B438E1F20C8AAF8008F3CBC /* Release */ = {
			isa = XCBuildConfiguration;
			buildSettings = {
				ALWAYS_EMBED_SWIFT_STANDARD_LIBRARIES = YES;
				BUNDLE_LOADER = "$(TEST_HOST)";
				CODE_SIGN_STYLE = Automatic;
				DEVELOPMENT_TEAM = 6ZL797GF7H;
				INFOPLIST_FILE = RealTodoTests/Info.plist;
				LD_RUNPATH_SEARCH_PATHS = "$(inherited) @executable_path/Frameworks @loader_path/Frameworks";
				PRODUCT_BUNDLE_IDENTIFIER = com.danielhjartstrom.RealTodoTests;
				PRODUCT_NAME = "$(TARGET_NAME)";
				SWIFT_VERSION = 4.0;
				TARGETED_DEVICE_FAMILY = "1,2";
				TEST_HOST = "$(BUILT_PRODUCTS_DIR)/RealTodo.app/RealTodo";
			};
			name = Release;
		};
		7B438E2120C8AAF8008F3CBC /* Debug */ = {
			isa = XCBuildConfiguration;
			buildSettings = {
				ALWAYS_EMBED_SWIFT_STANDARD_LIBRARIES = YES;
				CODE_SIGN_STYLE = Automatic;
				DEVELOPMENT_TEAM = 6ZL797GF7H;
				INFOPLIST_FILE = RealTodoUITests/Info.plist;
				LD_RUNPATH_SEARCH_PATHS = "$(inherited) @executable_path/Frameworks @loader_path/Frameworks";
				PRODUCT_BUNDLE_IDENTIFIER = com.danielhjartstrom.RealTodoUITests;
				PRODUCT_NAME = "$(TARGET_NAME)";
				SWIFT_VERSION = 4.0;
				TARGETED_DEVICE_FAMILY = "1,2";
				TEST_TARGET_NAME = RealTodo;
			};
			name = Debug;
		};
		7B438E2220C8AAF8008F3CBC /* Release */ = {
			isa = XCBuildConfiguration;
			buildSettings = {
				ALWAYS_EMBED_SWIFT_STANDARD_LIBRARIES = YES;
				CODE_SIGN_STYLE = Automatic;
				DEVELOPMENT_TEAM = 6ZL797GF7H;
				INFOPLIST_FILE = RealTodoUITests/Info.plist;
				LD_RUNPATH_SEARCH_PATHS = "$(inherited) @executable_path/Frameworks @loader_path/Frameworks";
				PRODUCT_BUNDLE_IDENTIFIER = com.danielhjartstrom.RealTodoUITests;
				PRODUCT_NAME = "$(TARGET_NAME)";
				SWIFT_VERSION = 4.0;
				TARGETED_DEVICE_FAMILY = "1,2";
				TEST_TARGET_NAME = RealTodo;
			};
			name = Release;
		};
/* End XCBuildConfiguration section */

/* Begin XCConfigurationList section */
		7B438DED20C8AAF7008F3CBC /* Build configuration list for PBXProject "RealTodo" */ = {
			isa = XCConfigurationList;
			buildConfigurations = (
				7B438E1820C8AAF8008F3CBC /* Debug */,
				7B438E1920C8AAF8008F3CBC /* Release */,
			);
			defaultConfigurationIsVisible = 0;
			defaultConfigurationName = Release;
		};
		7B438E1A20C8AAF8008F3CBC /* Build configuration list for PBXNativeTarget "RealTodo" */ = {
			isa = XCConfigurationList;
			buildConfigurations = (
				7B438E1B20C8AAF8008F3CBC /* Debug */,
				7B438E1C20C8AAF8008F3CBC /* Release */,
			);
			defaultConfigurationIsVisible = 0;
			defaultConfigurationName = Release;
		};
		7B438E1D20C8AAF8008F3CBC /* Build configuration list for PBXNativeTarget "RealTodoTests" */ = {
			isa = XCConfigurationList;
			buildConfigurations = (
				7B438E1E20C8AAF8008F3CBC /* Debug */,
				7B438E1F20C8AAF8008F3CBC /* Release */,
			);
			defaultConfigurationIsVisible = 0;
			defaultConfigurationName = Release;
		};
		7B438E2020C8AAF8008F3CBC /* Build configuration list for PBXNativeTarget "RealTodoUITests" */ = {
			isa = XCConfigurationList;
			buildConfigurations = (
				7B438E2120C8AAF8008F3CBC /* Debug */,
				7B438E2220C8AAF8008F3CBC /* Release */,
			);
			defaultConfigurationIsVisible = 0;
			defaultConfigurationName = Release;
		};
/* End XCConfigurationList section */
	};
	rootObject = 7B438DEA20C8AAF7008F3CBC /* Project object */;
}
